
Microsoft Visual Studio Solution File, Format Version 12.00
# Visual Studio Version 17
VisualStudioVersion = 17.5.002.0
MinimumVisualStudioVersion = 10.0.40219.1
Project("{9A19103F-16F7-4668-BE54-9A1E7A4F7556}") = "IMapp", "IMapp.csproj", "{36847BC0-E0FC-405F-90E5-49A870B621D7}"
EndProject
Global
	GlobalSection(SolutionConfigurationPlatforms) = preSolution
		Debug|Any CPU = Debug|Any CPU
		Release|Any CPU = Release|Any CPU
	EndGlobalSection
	GlobalSection(ProjectConfigurationPlatforms) = postSolution
		{36847BC0-E0FC-405F-90E5-49A870B621D7}.Debug|Any CPU.ActiveCfg = Debug|Any CPU
		{36847BC0-E0FC-405F-90E5-49A870B621D7}.Debug|Any CPU.Build.0 = Debug|Any CPU
		{36847BC0-E0FC-405F-90E5-49A870B621D7}.Release|Any CPU.ActiveCfg = Release|Any CPU
		{36847BC0-E0FC-405F-90E5-49A870B621D7}.Release|Any CPU.Build.0 = Release|Any CPU
	EndGlobalSection
	GlobalSection(SolutionProperties) = preSolution
		HideSolutionNode = FALSE
	EndGlobalSection
	GlobalSection(ExtensibilityGlobals) = postSolution
		SolutionGuid = {33498C02-6E48-44F3-9A85-D32AA0945243}
	EndGlobalSection
EndGlobal
